
Microsoft Visual Studio Solution File, Format Version 12.00
# Visual Studio Version 16
VisualStudioVersion = 16.0.31424.327
MinimumVisualStudioVersion = 10.0.40219.1
Project("{FAE04EC0-301F-11D3-BF4B-00C04F79EFBC}") = "SchemeForFarmerApi", "SchemeForFarmerApi\SchemeForFarmerApi.csproj", "{20E3BA22-ABC3-4C80-BD86-EFF22A0A297F}"
EndProject
Global
	GlobalSection(SolutionConfigurationPlatforms) = preSolution
		Debug|Any CPU = Debug|Any CPU
		Release|Any CPU = Release|Any CPU
	EndGlobalSection
	GlobalSection(ProjectConfigurationPlatforms) = postSolution
		{20E3BA22-ABC3-4C80-BD86-EFF22A0A297F}.Debug|Any CPU.ActiveCfg = Debug|Any CPU
		{20E3BA22-ABC3-4C80-BD86-EFF22A0A297F}.Debug|Any CPU.Build.0 = Debug|Any CPU
		{20E3BA22-ABC3-4C80-BD86-EFF22A0A297F}.Release|Any CPU.ActiveCfg = Release|Any CPU
		{20E3BA22-ABC3-4C80-BD86-EFF22A0A297F}.Release|Any CPU.Build.0 = Release|Any CPU
	EndGlobalSection
	GlobalSection(SolutionProperties) = preSolution
		HideSolutionNode = FALSE
	EndGlobalSection
	GlobalSection(ExtensibilityGlobals) = postSolution
		SolutionGuid = {D97E92BA-C432-408A-A988-662021DB5C44}
	EndGlobalSection
EndGlobal
